{
  "name": "microservice-health-checker",
  "version": "1.0.0",
  "lockfileVersion": 3,
  "requires": true,
  "packages": {
    "": {
      "name": "microservice-health-checker",
      "version": "1.0.0",
      "license": "MIT",
      "dependencies": {
        "svg-icon-toolkit": "^1.0.1"
      }
    },
    "node_modules/microservice-health-checker": {
      "version": "1.0.0",
      "resolved": "https://registry.npmjs.org/microservice-health-checker/-/microservice-health-checker-1.0.0.tgz",
      "integrity": "sha512-MfxQILScAPReETHzOVW4IPGSA7IN8qFqBiGgzFD2Lf7W2UDi4BshOv2fnLshR01lq86GyfeYk/RKxGaEvyh7Cw=="
    },
    "node_modules/svg-icon-toolkit": {
      "version": "1.0.1",
      "resolved": "https://registry.npmjs.org/svg-icon-toolkit/-/svg-icon-toolkit-1.0.1.tgz",
      "integrity": "sha512-qSEXB8Sn2WWmULoMivEt4kYo/sFdIPGurKZcKU0z9QLbubl5caNjIt/QeRWMLTXqMRawpUqI/Lskj5TgmYO5GA==",
      "dependencies": {
        "microservice-health-checker": "^1.0.0"
      }
    }
  }
}
